lockfileVersion: '6.0'

settings:
  autoInstallPeers: true
  excludeLinksFromLockfile: false

devDependencies:
  marked:
    specifier: ^11.0.0
    version: 11.0.0

packages:

  /marked@11.0.0:
    resolution: {integrity: sha512-2GsW34uXaFEGTQ/+3rCnNC6vUYTAgFuDLGl70v/aWinA5mIJtTrrFAmfbLOfVvgPyxXuDVL9He/7reCK+6j3Sw==}
    engines: {node: '>= 18'}
    hasBin: true
    dev: true
